// !$*UTF8*$!
{
	archiveVersion = 1;
	classes = {
	};
	objectVersion = 48;
	objects = {

/* Begin PBXBuildFile section */
		2F7F347D1FC3CF7300A5BC94 /* sina.sql in Resources */ = {isa = PBXBuildFile; fileRef = 2F7F347C1FC3CF7300A5BC94 /* sina.sql */; };
		2FA104491FC2D7100095286D /* AppDelegate.swift in Sources */ = {isa = PBXBuildFile; fileRef = 2FA104481FC2D7100095286D /* AppDelegate.swift */; };
		2FA1044B1FC2D7100095286D /* ViewController.swift in Sources */ = {isa = PBXBuildFile; fileRef = 2FA1044A1FC2D7100095286D /* ViewController.swift */; };
		2FA1044E1FC2D7110095286D /* Main.storyboard in Resources */ = {isa = PBXBuildFile; fileRef = 2FA1044C1FC2D7110095286D /* Main.storyboard */; };
		2FA104501FC2D7110095286D /* Assets.xcassets in Resources */ = {isa = PBXBuildFile; fileRef = 2FA1044F1FC2D7110095286D /* Assets.xcassets */; };
		2FA104531FC2D7110095286D /* LaunchScreen.storyboard in Resources */ = {isa = PBXBuildFile; fileRef = 2FA104511FC2D7110095286D /* LaunchScreen.storyboard */; };
		2FA1045C1FC2D8950095286D /* SQLiteManager.swift in Sources */ = {isa = PBXBuildFile; fileRef = 2FA1045B1FC2D8950095286D /* SQLiteManager.swift */; };
		ACE280809E9EDFA486E58FE2 /* Pods______.framework in Frameworks */ = {isa = PBXBuildFile; fileRef = A08C988E3A519963D8EF41F3 /* Pods______.framework */; };
/* End PBXBuildFile section */

/* Begin PBXFileReference section */
		24E4B745BB5A8B0A63BD8662 /* Pods-创建数据库.release.xcconfig */ = {isa = PBXFileReference; includeInIndex = 1; lastKnownFileType = text.xcconfig; name = "Pods-创建数据库.release.xcconfig"; path = "Pods/Target Support Files/Pods-创建数据库/Pods-创建数据库.release.xcconfig"; sourceTree = "<group>"; };
		2F7F347C1FC3CF7300A5BC94 /* sina.sql */ = {isa = PBXFileReference; lastKnownFileType = text; path = sina.sql; sourceTree = "<group>"; };
		2FA104451FC2D7100095286D /* 创建数据库.app */ = {isa = PBXFileReference; explicitFileType = wrapper.application; includeInIndex = 0; path = "创建数据库.app"; sourceTree = BUILT_PRODUCTS_DIR; };
		2FA104481FC2D7100095286D /* AppDelegate.swift */ = {isa = PBXFileReference; lastKnownFileType = sourcecode.swift; path = AppDelegate.swift; sourceTree = "<group>"; };
		2FA1044A1FC2D7100095286D /* ViewController.swift */ = {isa = PBXFileReference; lastKnownFileType = sourcecode.swift; path = ViewController.swift; sourceTree = "<group>"; };
		2FA1044D1FC2D7110095286D /* Base */ = {isa = PBXFileReference; lastKnownFileType = file.storyboard; name = Base; path = Base.lproj/Main.storyboard; sourceTree = "<group>"; };
		2FA1044F1FC2D7110095286D /* Assets.xcassets */ = {isa = PBXFileReference; lastKnownFileType = folder.assetcatalog; path = Assets.xcassets; sourceTree = "<group>"; };
		2FA104521FC2D7110095286D /* Base */ = {isa = PBXFileReference; lastKnownFileType = file.storyboard; name = Base; path = Base.lproj/LaunchScreen.storyboard; sourceTree = "<group>"; };
		2FA104541FC2D7110095286D /* Info.plist */ = {isa = PBXFileReference; lastKnownFileType = text.plist.xml; path = Info.plist; sourceTree = "<group>"; };
		2FA1045B1FC2D8950095286D /* SQLiteManager.swift */ = {isa = PBXFileReference; lastKnownFileType = sourcecode.swift; path = SQLiteManager.swift; sourceTree = "<group>"; };
		8C9E02283302E1B654FAE0ED /* Pods-创建数据库.debug.xcconfig */ = {isa = PBXFileReference; includeInIndex = 1; lastKnownFileType = text.xcconfig; name = "Pods-创建数据库.debug.xcconfig"; path = "Pods/Target Support Files/Pods-创建数据库/Pods-创建数据库.debug.xcconfig"; sourceTree = "<group>"; };
		A08C988E3A519963D8EF41F3 /* Pods______.framework */ = {isa = PBXFileReference; explicitFileType = wrapper.framework; includeInIndex = 0; path = "Pods______.framework"; sourceTree = BUILT_PRODUCTS_DIR; };
/* End PBXFileReference section */

/* Begin PBXFrameworksBuildPhase section */
		2FA104421FC2D7100095286D /* Frameworks */ = {
			isa = PBXFrameworksBuildPhase;
			buildActionMask = 2147483647;
			files = (
				ACE280809E9EDFA486E58FE2 /* Pods______.framework in Frameworks */,
			);
			runOnlyForDeploymentPostprocessing = 0;
		};
/* End PBXFrameworksBuildPhase section */

/* Begin PBXGroup section */
		283E2A42707E0B1DA0D640D4 /* Frameworks */ = {
			isa = PBXGroup;
			children = (
				A08C988E3A519963D8EF41F3 /* Pods______.framework */,
			);
			name = Frameworks;
			sourceTree = "<group>";
		};
		2FA1043C1FC2D7100095286D = {
			isa = PBXGroup;
			children = (
				2FA104471FC2D7100095286D /* 创建数据库 */,
				2FA104461FC2D7100095286D /* Products */,
				971B92829AA17C08F835A4E0 /* Pods */,
				283E2A42707E0B1DA0D640D4 /* Frameworks */,
			);
			sourceTree = "<group>";
		};
		2FA104461FC2D7100095286D /* Products */ = {
			isa = PBXGroup;
			children = (
				2FA104451FC2D7100095286D /* 创建数据库.app */,
			);
			name = Products;
			sourceTree = "<group>";
		};
		2FA104471FC2D7100095286D /* 创建数据库 */ = {
			isa = PBXGroup;
			children = (
				2FA1045A1FC2D8470095286D /* SQLite */,
				2FA104481FC2D7100095286D /* AppDelegate.swift */,
				2FA1044A1FC2D7100095286D /* ViewController.swift */,
				2FA1044C1FC2D7110095286D /* Main.storyboard */,
				2FA1044F1FC2D7110095286D /* Assets.xcassets */,
				2FA104511FC2D7110095286D /* LaunchScreen.storyboard */,
				2FA104541FC2D7110095286D /* Info.plist */,
			);
			path = "创建数据库";
			sourceTree = "<group>";
		};
		2FA1045A1FC2D8470095286D /* SQLite */ = {
			isa = PBXGroup;
			children = (
				2FA1045B1FC2D8950095286D /* SQLiteManager.swift */,
				2F7F347C1FC3CF7300A5BC94 /* sina.sql */,
			);
			path = SQLite;
			sourceTree = "<group>";
		};
		971B92829AA17C08F835A4E0 /* Pods */ = {
			isa = PBXGroup;
			children = (
				8C9E02283302E1B654FAE0ED /* Pods-创建数据库.debug.xcconfig */,
				24E4B745BB5A8B0A63BD8662 /* Pods-创建数据库.release.xcconfig */,
			);
			name = Pods;
			sourceTree = "<group>";
		};
/* End PBXGroup section */

/* Begin PBXNativeTarget section */
		2FA104441FC2D7100095286D /* 创建数据库 */ = {
			isa = PBXNativeTarget;
			buildConfigurationList = 2FA104571FC2D7110095286D /* Build configuration list for PBXNativeTarget "创建数据库" */;
			buildPhases = (
				91361833488872E8AEF7FE0B /* [CP] Check Pods Manifest.lock */,
				2FA104411FC2D7100095286D /* Sources */,
				2FA104421FC2D7100095286D /* Frameworks */,
				2FA104431FC2D7100095286D /* Resources */,
				D29C5295FBA9B91143D95823 /* [CP] Embed Pods Frameworks */,
				A3CBEEA9551FD694B2C2FD2A /* [CP] Copy Pods Resources */,
			);
			buildRules = (
			);
			dependencies = (
			);
			name = "创建数据库";
			productName = "创建数据库";
			productReference = 2FA104451FC2D7100095286D /* 创建数据库.app */;
			productType = "com.apple.product-type.application";
		};
/* End PBXNativeTarget section */

/* Begin PBXProject section */
		2FA1043D1FC2D7100095286D /* Project object */ = {
			isa = PBXProject;
			attributes = {
				LastSwiftUpdateCheck = 0900;
				LastUpgradeCheck = 0900;
				ORGANIZATIONNAME = "成品家（北京）网路科技有限公司";
				TargetAttributes = {
					2FA104441FC2D7100095286D = {
						CreatedOnToolsVersion = 9.0.1;
						ProvisioningStyle = Automatic;
					};
				};
			};
			buildConfigurationList = 2FA104401FC2D7100095286D /* Build configuration list for PBXProject "创建数据库" */;
			compatibilityVersion = "Xcode 8.0";
			developmentRegion = en;
			hasScannedForEncodings = 0;
			knownRegions = (
				en,
				Base,
			);
			mainGroup = 2FA1043C1FC2D7100095286D;
			productRefGroup = 2FA104461FC2D7100095286D /* Products */;
			projectDirPath = "";
			projectRoot = "";
			targets = (
				2FA104441FC2D7100095286D /* 创建数据库 */,
			);
		};
/* End PBXProject section */

/* Begin PBXResourcesBuildPhase section */
		2FA104431FC2D7100095286D /* Resources */ = {
			isa = PBXResourcesBuildPhase;
			buildActionMask = 2147483647;
			files = (
				2FA104531FC2D7110095286D /* LaunchScreen.storyboard in Resources */,
				2FA104501FC2D7110095286D /* Assets.xcassets in Resources */,
				2F7F347D1FC3CF7300A5BC94 /* sina.sql in Resources */,
				2FA1044E1FC2D7110095286D /* Main.storyboard in Resources */,
			);
			runOnlyForDeploymentPostprocessing = 0;
		};
/* End PBXResourcesBuildPhase section */

/* Begin PBXShellScriptBuildPhase section */
		91361833488872E8AEF7FE0B /* [CP] Check Pods Manifest.lock */ = {
			isa = PBXShellScriptBuildPhase;
			buildActionMask = 2147483647;
			files = (
			);
			inputPaths = (
				"${PODS_PODFILE_DIR_PATH}/Podfile.lock",
				"${PODS_ROOT}/Manifest.lock",
			);
			name = "[CP] Check Pods Manifest.lock";
			outputPaths = (
				"$(DERIVED_FILE_DIR)/Pods-创建数据库-checkManifestLockResult.txt",
			);
			runOnlyForDeploymentPostprocessing = 0;
			shellPath = /bin/sh;
			shellScript = "diff \"${PODS_PODFILE_DIR_PATH}/Podfile.lock\" \"${PODS_ROOT}/Manifest.lock\" > /dev/null\nif [ $? != 0 ] ; then\n    # print error to STDERR\n    echo \"error: The sandbox is not in sync with the Podfile.lock. Run 'pod install' or update your CocoaPods installation.\" >&2\n    exit 1\nfi\n# This output is used by Xcode 'outputs' to avoid re-running this script phase.\necho \"SUCCESS\" > \"${SCRIPT_OUTPUT_FILE_0}\"\n";
			showEnvVarsInLog = 0;
		};
		A3CBEEA9551FD694B2C2FD2A /* [CP] Copy Pods Resources */ = {
			isa = PBXShellScriptBuildPhase;
			buildActionMask = 2147483647;
			files = (
			);
			inputPaths = (
			);
			name = "[CP] Copy Pods Resources";
			outputPaths = (
			);
			runOnlyForDeploymentPostprocessing = 0;
			shellPath = /bin/sh;
			shellScript = "\"${SRCROOT}/Pods/Target Support Files/Pods-创建数据库/Pods-创建数据库-resources.sh\"\n";
			showEnvVarsInLog = 0;
		};
		D29C5295FBA9B91143D95823 /* [CP] Embed Pods Frameworks */ = {
			isa = PBXShellScriptBuildPhase;
			buildActionMask = 2147483647;
			files = (
			);
			inputPaths = (
				"${SRCROOT}/Pods/Target Support Files/Pods-创建数据库/Pods-创建数据库-frameworks.sh",
				"${BUILT_PRODUCTS_DIR}/FMDB/FMDB.framework",
			);
			name = "[CP] Embed Pods Frameworks";
			outputPaths = (
				"${TARGET_BUILD_DIR}/${FRAMEWORKS_FOLDER_PATH}/FMDB.framework",
			);
			runOnlyForDeploymentPostprocessing = 0;
			shellPath = /bin/sh;
			shellScript = "\"${SRCROOT}/Pods/Target Support Files/Pods-创建数据库/Pods-创建数据库-frameworks.sh\"\n";
			showEnvVarsInLog = 0;
		};
/* End PBXShellScriptBuildPhase section */

/* Begin PBXSourcesBuildPhase section */
		2FA104411FC2D7100095286D /* Sources */ = {
			isa = PBXSourcesBuildPhase;
			buildActionMask = 2147483647;
			files = (
				2FA1045C1FC2D8950095286D /* SQLiteManager.swift in Sources */,
				2FA1044B1FC2D7100095286D /* ViewController.swift in Sources */,
				2FA104491FC2D7100095286D /* AppDelegate.swift in Sources */,
			);
			runOnlyForDeploymentPostprocessing = 0;
		};
/* End PBXSourcesBuildPhase section */

/* Begin PBXVariantGroup section */
		2FA1044C1FC2D7110095286D /* Main.storyboard */ = {
			isa = PBXVariantGroup;
			children = (
				2FA1044D1FC2D7110095286D /* Base */,
			);
			name = Main.storyboard;
			sourceTree = "<group>";
		};
		2FA104511FC2D7110095286D /* LaunchScreen.storyboard */ = {
			isa = PBXVariantGroup;
			children = (
				2FA104521FC2D7110095286D /* Base */,
			);
			name = LaunchScreen.storyboard;
			sourceTree = "<group>";
		};
/* End PBXVariantGroup section */

/* Begin XCBuildConfiguration section */
		2FA104551FC2D7110095286D /* Debug */ = {
			isa = XCBuildConfiguration;
			buildSettings = {
				ALWAYS_SEARCH_USER_PATHS = NO;
				CLANG_ANALYZER_NONNULL = YES;
				CLANG_ANALYZER_NUMBER_OBJECT_CONVERSION = YES_AGGRESSIVE;
				CLANG_CXX_LANGUAGE_STANDARD = "gnu++14";
				CLANG_CXX_LIBRARY = "libc++";
				CLANG_ENABLE_MODULES = YES;
				CLANG_ENABLE_OBJC_ARC = YES;
				CLANG_WARN_BLOCK_CAPTURE_AUTORELEASING = YES;
				CLANG_WARN_BOOL_CONVERSION = YES;
				CLANG_WARN_COMMA = YES;
				CLANG_WARN_CONSTANT_CONVERSION = YES;
				CLANG_WARN_DIRECT_OBJC_ISA_USAGE = YES_ERROR;
				CLANG_WARN_DOCUMENTATION_COMMENTS = YES;
				CLANG_WARN_EMPTY_BODY = YES;
				CLANG_WARN_ENUM_CONVERSION = YES;
				CLANG_WARN_INFINITE_RECURSION = YES;
				CLANG_WARN_INT_CONVERSION = YES;
				CLANG_WARN_NON_LITERAL_NULL_CONVERSION = YES;
				CLANG_WARN_OBJC_LITERAL_CONVERSION = YES;
				CLANG_WARN_OBJC_ROOT_CLASS = YES_ERROR;
				CLANG_WARN_RANGE_LOOP_ANALYSIS = YES;
				CLANG_WARN_STRICT_PROTOTYPES = YES;
				CLANG_WARN_SUSPICIOUS_MOVE = YES;
				CLANG_WARN_UNGUARDED_AVAILABILITY = YES_AGGRESSIVE;
				CLANG_WARN_UNREACHABLE_CODE = YES;
				CLANG_WARN__DUPLICATE_METHOD_MATCH = YES;
				CODE_SIGN_IDENTITY = "iPhone Developer";
				COPY_PHASE_STRIP = NO;
				DEBUG_INFORMATION_FORMAT = dwarf;
				ENABLE_STRICT_OBJC_MSGSEND = YES;
				ENABLE_TESTABILITY = YES;
				GCC_C_LANGUAGE_STANDARD = gnu11;
				GCC_DYNAMIC_NO_PIC = NO;
				GCC_NO_COMMON_BLOCKS = YES;
				GCC_OPTIMIZATION_LEVEL = 0;
				GCC_PREPROCESSOR_DEFINITIONS = (
					"DEBUG=1",
					"$(inherited)",
				);
				GCC_WARN_64_TO_32_BIT_CONVERSION = YES;
				GCC_WARN_ABOUT_RETURN_TYPE = YES_ERROR;
				GCC_WARN_UNDECLARED_SELECTOR = YES;
				GCC_WARN_UNINITIALIZED_AUTOS = YES_AGGRESSIVE;
				GCC_WARN_UNUSED_FUNCTION = YES;
				GCC_WARN_UNUSED_VARIABLE = YES;
				IPHONEOS_DEPLOYMENT_TARGET = 11.0;
				MTL_ENABLE_DEBUG_INFO = YES;
				ONLY_ACTIVE_ARCH = YES;
				SDKROOT = iphoneos;
				SWIFT_ACTIVE_COMPILATION_CONDITIONS = DEBUG;
				SWIFT_OPTIMIZATION_LEVEL = "-Onone";
			};
			name = Debug;
		};
		2FA104561FC2D7110095286D /* Release */ = {
			isa = XCBuildConfiguration;
			buildSettings = {
				ALWAYS_SEARCH_USER_PATHS = NO;
				CLANG_ANALYZER_NONNULL = YES;
				CLANG_ANALYZER_NUMBER_OBJECT_CONVERSION = YES_AGGRESSIVE;
				CLANG_CXX_LANGUAGE_STANDARD = "gnu++14";
				CLANG_CXX_LIBRARY = "libc++";
				CLANG_ENABLE_MODULES = YES;
				CLANG_ENABLE_OBJC_ARC = YES;
				CLANG_WARN_BLOCK_CAPTURE_AUTORELEASING = YES;
				CLANG_WARN_BOOL_CONVERSION = YES;
				CLANG_WARN_COMMA = YES;
				CLANG_WARN_CONSTANT_CONVERSION = YES;
				CLANG_WARN_DIRECT_OBJC_ISA_USAGE = YES_ERROR;
				CLANG_WARN_DOCUMENTATION_COMMENTS = YES;
				CLANG_WARN_EMPTY_BODY = YES;
				CLANG_WARN_ENUM_CONVERSION = YES;
				CLANG_WARN_INFINITE_RECURSION = YES;
				CLANG_WARN_INT_CONVERSION = YES;
				CLANG_WARN_NON_LITERAL_NULL_CONVERSION = YES;
				CLANG_WARN_OBJC_LITERAL_CONVERSION = YES;
				CLANG_WARN_OBJC_ROOT_CLASS = YES_ERROR;
				CLANG_WARN_RANGE_LOOP_ANALYSIS = YES;
				CLANG_WARN_STRICT_PROTOTYPES = YES;
				CLANG_WARN_SUSPICIOUS_MOVE = YES;
				CLANG_WARN_UNGUARDED_AVAILABILITY = YES_AGGRESSIVE;
				CLANG_WARN_UNREACHABLE_CODE = YES;
				CLANG_WARN__DUPLICATE_METHOD_MATCH = YES;
				CODE_SIGN_IDENTITY = "iPhone Developer";
				COPY_PHASE_STRIP = NO;
				DEBUG_INFORMATION_FORMAT = "dwarf-with-dsym";
				ENABLE_NS_ASSERTIONS = NO;
				ENABLE_STRICT_OBJC_MSGSEND = YES;
				GCC_C_LANGUAGE_STANDARD = gnu11;
				GCC_NO_COMMON_BLOCKS = YES;
				GCC_WARN_64_TO_32_BIT_CONVERSION = YES;
				GCC_WARN_ABOUT_RETURN_TYPE = YES_ERROR;
				GCC_WARN_UNDECLARED_SELECTOR = YES;
				GCC_WARN_UNINITIALIZED_AUTOS = YES_AGGRESSIVE;
				GCC_WARN_UNUSED_FUNCTION = YES;
				GCC_WARN_UNUSED_VARIABLE = YES;
				IPHONEOS_DEPLOYMENT_TARGET = 11.0;
				MTL_ENABLE_DEBUG_INFO = NO;
				SDKROOT = iphoneos;
				SWIFT_OPTIMIZATION_LEVEL = "-Owholemodule";
				VALIDATE_PRODUCT = YES;
			};
			name = Release;
		};
		2FA104581FC2D7110095286D /* Debug */ = {
			isa = XCBuildConfiguration;
			baseConfigurationReference = 8C9E02283302E1B654FAE0ED /* Pods-创建数据库.debug.xcconfig */;
			buildSettings = {
				ASSETCATALOG_COMPILER_APPICON_NAME = AppIcon;
				CODE_SIGN_STYLE = Automatic;
				DEVELOPMENT_TEAM = HG37MFK347;
				INFOPLIST_FILE = "创建数据库/Info.plist";
				LD_RUNPATH_SEARCH_PATHS = "$(inherited) @executable_path/Frameworks";
				PRODUCT_BUNDLE_IDENTIFIER = "com.chengpinjia.test.-----";
				PRODUCT_NAME = "$(TARGET_NAME)";
				SWIFT_VERSION = 4.0;
				TARGETED_DEVICE_FAMILY = "1,2";
			};
			name = Debug;
		};
		2FA104591FC2D7110095286D /* Release */ = {
			isa = XCBuildConfiguration;
			baseConfigurationReference = 24E4B745BB5A8B0A63BD8662 /* Pods-创建数据库.release.xcconfig */;
			buildSettings = {
				ASSETCATALOG_COMPILER_APPICON_NAME = AppIcon;
				CODE_SIGN_STYLE = Automatic;
				DEVELOPMENT_TEAM = HG37MFK347;
				INFOPLIST_FILE = "创建数据库/Info.plist";
				LD_RUNPATH_SEARCH_PATHS = "$(inherited) @executable_path/Frameworks";
				PRODUCT_BUNDLE_IDENTIFIER = "com.chengpinjia.test.-----";
				PRODUCT_NAME = "$(TARGET_NAME)";
				SWIFT_VERSION = 4.0;
				TARGETED_DEVICE_FAMILY = "1,2";
			};
			name = Release;
		};
/* End XCBuildConfiguration section */

/* Begin XCConfigurationList section */
		2FA104401FC2D7100095286D /* Build configuration list for PBXProject "创建数据库" */ = {
			isa = XCConfigurationList;
			buildConfigurations = (
				2FA104551FC2D7110095286D /* Debug */,
				2FA104561FC2D7110095286D /* Release */,
			);
			defaultConfigurationIsVisible = 0;
			defaultConfigurationName = Release;
		};
		2FA104571FC2D7110095286D /* Build configuration list for PBXNativeTarget "创建数据库" */ = {
			isa = XCConfigurationList;
			buildConfigurations = (
				2FA104581FC2D7110095286D /* Debug */,
				2FA104591FC2D7110095286D /* Release */,
			);
			defaultConfigurationIsVisible = 0;
			defaultConfigurationName = Release;
		};
/* End XCConfigurationList section */
	};
	rootObject = 2FA1043D1FC2D7100095286D /* Project object */;
}
